// !$*UTF8*$!
{
	archiveVersion = 1;
	classes = {
	};
	objectVersion = 46;
	objects = {

/* Begin PBXBuildFile section */
		A53C6E461F17573E0052ACB8 /* PPViewController.swift in Sources */ = {isa = PBXBuildFile; fileRef = A53C6E451F17573E0052ACB8 /* PPViewController.swift */; };
		A53C6E481F17693F0052ACB8 /* LoginManager.swift in Sources */ = {isa = PBXBuildFile; fileRef = A53C6E471F17693F0052ACB8 /* LoginManager.swift */; };
		A5A7B31C1F17518A0080142B /* LoginVC.swift in Sources */ = {isa = PBXBuildFile; fileRef = A5A7B31B1F17518A0080142B /* LoginVC.swift */; };
		A5A7B31E1F1751970080142B /* MainVC.swift in Sources */ = {isa = PBXBuildFile; fileRef = A5A7B31D1F1751970080142B /* MainVC.swift */; };
		A5B6249B1F16FA2000E7501E /* AppDelegate.swift in Sources */ = {isa = PBXBuildFile; fileRef = A5B6249A1F16FA2000E7501E /* AppDelegate.swift */; };
		A5B6249D1F16FA2000E7501E /* ViewController.swift in Sources */ = {isa = PBXBuildFile; fileRef = A5B6249C1F16FA2000E7501E /* ViewController.swift */; };
		A5B624A01F16FA2000E7501E /* Main.storyboard in Resources */ = {isa = PBXBuildFile; fileRef = A5B6249E1F16FA2000E7501E /* Main.storyboard */; };
		A5B624A31F16FA2000E7501E /* swiftPro01.xcdatamodeld in Sources */ = {isa = PBXBuildFile; fileRef = A5B624A11F16FA2000E7501E /* swiftPro01.xcdatamodeld */; };
		A5B624A51F16FA2000E7501E /* Assets.xcassets in Resources */ = {isa = PBXBuildFile; fileRef = A5B624A41F16FA2000E7501E /* Assets.xcassets */; };
		A5B624A81F16FA2000E7501E /* LaunchScreen.storyboard in Resources */ = {isa = PBXBuildFile; fileRef = A5B624A61F16FA2000E7501E /* LaunchScreen.storyboard */; };
		A5B624B31F16FA2000E7501E /* swiftPro01Tests.swift in Sources */ = {isa = PBXBuildFile; fileRef = A5B624B21F16FA2000E7501E /* swiftPro01Tests.swift */; };
		A5B624BE1F16FA2000E7501E /* swiftPro01UITests.swift in Sources */ = {isa = PBXBuildFile; fileRef = A5B624BD1F16FA2000E7501E /* swiftPro01UITests.swift */; };
/* End PBXBuildFile section */

/* Begin PBXContainerItemProxy section */
		A5B624AF1F16FA2000E7501E /* PBXContainerItemProxy */ = {
			isa = PBXContainerItemProxy;
			containerPortal = A5B6248F1F16FA2000E7501E /* Project object */;
			proxyType = 1;
			remoteGlobalIDString = A5B624961F16FA2000E7501E;
			remoteInfo = swiftPro01;
		};
		A5B624BA1F16FA2000E7501E /* PBXContainerItemProxy */ = {
			isa = PBXContainerItemProxy;
			containerPortal = A5B6248F1F16FA2000E7501E /* Project object */;
			proxyType = 1;
			remoteGlobalIDString = A5B624961F16FA2000E7501E;
			remoteInfo = swiftPro01;
		};
/* End PBXContainerItemProxy section */

/* Begin PBXFileReference section */
		A53C6E451F17573E0052ACB8 /* PPViewController.swift */ = {isa = PBXFileReference; fileEncoding = 4; lastKnownFileType = sourcecode.swift; path = PPViewController.swift; sourceTree = "<group>"; };
		A53C6E471F17693F0052ACB8 /* LoginManager.swift */ = {isa = PBXFileReference; fileEncoding = 4; lastKnownFileType = sourcecode.swift; path = LoginManager.swift; sourceTree = "<group>"; };
		A5A7B31B1F17518A0080142B /* LoginVC.swift */ = {isa = PBXFileReference; fileEncoding = 4; lastKnownFileType = sourcecode.swift; path = LoginVC.swift; sourceTree = "<group>"; };
		A5A7B31D1F1751970080142B /* MainVC.swift */ = {isa = PBXFileReference; fileEncoding = 4; lastKnownFileType = sourcecode.swift; path = MainVC.swift; sourceTree = "<group>"; };
		A5B624971F16FA2000E7501E /* swiftPro01.app */ = {isa = PBXFileReference; explicitFileType = wrapper.application; includeInIndex = 0; path = swiftPro01.app; sourceTree = BUILT_PRODUCTS_DIR; };
		A5B6249A1F16FA2000E7501E /* AppDelegate.swift */ = {isa = PBXFileReference; lastKnownFileType = sourcecode.swift; path = AppDelegate.swift; sourceTree = "<group>"; };
		A5B6249C1F16FA2000E7501E /* ViewController.swift */ = {isa = PBXFileReference; lastKnownFileType = sourcecode.swift; path = ViewController.swift; sourceTree = "<group>"; };
		A5B6249F1F16FA2000E7501E /* Base */ = {isa = PBXFileReference; lastKnownFileType = file.storyboard; name = Base; path = Base.lproj/Main.storyboard; sourceTree = "<group>"; };
		A5B624A21F16FA2000E7501E /* swiftPro01.xcdatamodel */ = {isa = PBXFileReference; lastKnownFileType = wrapper.xcdatamodel; path = swiftPro01.xcdatamodel; sourceTree = "<group>"; };
		A5B624A41F16FA2000E7501E /* Assets.xcassets */ = {isa = PBXFileReference; lastKnownFileType = folder.assetcatalog; path = Assets.xcassets; sourceTree = "<group>"; };
		A5B624A71F16FA2000E7501E /* Base */ = {isa = PBXFileReference; lastKnownFileType = file.storyboard; name = Base; path = Base.lproj/LaunchScreen.storyboard; sourceTree = "<group>"; };
		A5B624A91F16FA2000E7501E /* Info.plist */ = {isa = PBXFileReference; lastKnownFileType = text.plist.xml; path = Info.plist; sourceTree = "<group>"; };
		A5B624AE1F16FA2000E7501E /* swiftPro01Tests.xctest */ = {isa = PBXFileReference; explicitFileType = wrapper.cfbundle; includeInIndex = 0; path = swiftPro01Tests.xctest; sourceTree = BUILT_PRODUCTS_DIR; };
		A5B624B21F16FA2000E7501E /* swiftPro01Tests.swift */ = {isa = PBXFileReference; lastKnownFileType = sourcecode.swift; path = swiftPro01Tests.swift; sourceTree = "<group>"; };
		A5B624B41F16FA2000E7501E /* Info.plist */ = {isa = PBXFileReference; lastKnownFileType = text.plist.xml; path = Info.plist; sourceTree = "<group>"; };
		A5B624B91F16FA2000E7501E /* swiftPro01UITests.xctest */ = {isa = PBXFileReference; explicitFileType = wrapper.cfbundle; includeInIndex = 0; path = swiftPro01UITests.xctest; sourceTree = BUILT_PRODUCTS_DIR; };
		A5B624BD1F16FA2000E7501E /* swiftPro01UITests.swift */ = {isa = PBXFileReference; lastKnownFileType = sourcecode.swift; path = swiftPro01UITests.swift; sourceTree = "<group>"; };
		A5B624BF1F16FA2000E7501E /* Info.plist */ = {isa = PBXFileReference; lastKnownFileType = text.plist.xml; path = Info.plist; sourceTree = "<group>"; };
/* End PBXFileReference section */

/* Begin PBXFrameworksBuildPhase section */
		A5B624941F16FA2000E7501E /* Frameworks */ = {
			isa = PBXFrameworksBuildPhase;
			buildActionMask = 2147483647;
			files = (
			);
			runOnlyForDeploymentPostprocessing = 0;
		};
		A5B624AB1F16FA2000E7501E /* Frameworks */ = {
			isa = PBXFrameworksBuildPhase;
			buildActionMask = 2147483647;
			files = (
			);
			runOnlyForDeploymentPostprocessing = 0;
		};
		A5B624B61F16FA2000E7501E /* Frameworks */ = {
			isa = PBXFrameworksBuildPhase;
			buildActionMask = 2147483647;
			files = (
			);
			runOnlyForDeploymentPostprocessing = 0;
		};
/* End PBXFrameworksBuildPhase section */

/* Begin PBXGroup section */
		A5B6248E1F16FA2000E7501E = {
			isa = PBXGroup;
			children = (
				A5B624991F16FA2000E7501E /* swiftPro01 */,
				A5B624B11F16FA2000E7501E /* swiftPro01Tests */,
				A5B624BC1F16FA2000E7501E /* swiftPro01UITests */,
				A5B624981F16FA2000E7501E /* Products */,
			);
			sourceTree = "<group>";
		};
		A5B624981F16FA2000E7501E /* Products */ = {
			isa = PBXGroup;
			children = (
				A5B624971F16FA2000E7501E /* swiftPro01.app */,
				A5B624AE1F16FA2000E7501E /* swiftPro01Tests.xctest */,
				A5B624B91F16FA2000E7501E /* swiftPro01UITests.xctest */,
			);
			name = Products;
			sourceTree = "<group>";
		};
		A5B624991F16FA2000E7501E /* swiftPro01 */ = {
			isa = PBXGroup;
			children = (
				A5B6249A1F16FA2000E7501E /* AppDelegate.swift */,
				A5B6249C1F16FA2000E7501E /* ViewController.swift */,
				A5B6249E1F16FA2000E7501E /* Main.storyboard */,
				A5B624A41F16FA2000E7501E /* Assets.xcassets */,
				A5B624A61F16FA2000E7501E /* LaunchScreen.storyboard */,
				A5B624A91F16FA2000E7501E /* Info.plist */,
				A5B624A11F16FA2000E7501E /* swiftPro01.xcdatamodeld */,
				A5A7B31B1F17518A0080142B /* LoginVC.swift */,
				A5A7B31D1F1751970080142B /* MainVC.swift */,
				A53C6E451F17573E0052ACB8 /* PPViewController.swift */,
				A53C6E471F17693F0052ACB8 /* LoginManager.swift */,
			);
			path = swiftPro01;
			sourceTree = "<group>";
		};
		A5B624B11F16FA2000E7501E /* swiftPro01Tests */ = {
			isa = PBXGroup;
			children = (
				A5B624B21F16FA2000E7501E /* swiftPro01Tests.swift */,
				A5B624B41F16FA2000E7501E /* Info.plist */,
			);
			path = swiftPro01Tests;
			sourceTree = "<group>";
		};
		A5B624BC1F16FA2000E7501E /* swiftPro01UITests */ = {
			isa = PBXGroup;
			children = (
				A5B624BD1F16FA2000E7501E /* swiftPro01UITests.swift */,
				A5B624BF1F16FA2000E7501E /* Info.plist */,
			);
			path = swiftPro01UITests;
			sourceTree = "<group>";
		};
/* End PBXGroup section */

/* Begin PBXNativeTarget section */
		A5B624961F16FA2000E7501E /* swiftPro01 */ = {
			isa = PBXNativeTarget;
			buildConfigurationList = A5B624C21F16FA2000E7501E /* Build configuration list for PBXNativeTarget "swiftPro01" */;
			buildPhases = (
				A5B624931F16FA2000E7501E /* Sources */,
				A5B624941F16FA2000E7501E /* Frameworks */,
				A5B624951F16FA2000E7501E /* Resources */,
			);
			buildRules = (
			);
			dependencies = (
			);
			name = swiftPro01;
			productName = swiftPro01;
			productReference = A5B624971F16FA2000E7501E /* swiftPro01.app */;
			productType = "com.apple.product-type.application";
		};
		A5B624AD1F16FA2000E7501E /* swiftPro01Tests */ = {
			isa = PBXNativeTarget;
			buildConfigurationList = A5B624C51F16FA2000E7501E /* Build configuration list for PBXNativeTarget "swiftPro01Tests" */;
			buildPhases = (
				A5B624AA1F16FA2000E7501E /* Sources */,
				A5B624AB1F16FA2000E7501E /* Frameworks */,
				A5B624AC1F16FA2000E7501E /* Resources */,
			);
			buildRules = (
			);
			dependencies = (
				A5B624B01F16FA2000E7501E /* PBXTargetDependency */,
			);
			name = swiftPro01Tests;
			productName = swiftPro01Tests;
			productReference = A5B624AE1F16FA2000E7501E /* swiftPro01Tests.xctest */;
			productType = "com.apple.product-type.bundle.unit-test";
		};
		A5B624B81F16FA2000E7501E /* swiftPro01UITests */ = {
			isa = PBXNativeTarget;
			buildConfigurationList = A5B624C81F16FA2000E7501E /* Build configuration list for PBXNativeTarget "swiftPro01UITests" */;
			buildPhases = (
				A5B624B51F16FA2000E7501E /* Sources */,
				A5B624B61F16FA2000E7501E /* Frameworks */,
				A5B624B71F16FA2000E7501E /* Resources */,
			);
			buildRules = (
			);
			dependencies = (
				A5B624BB1F16FA2000E7501E /* PBXTargetDependency */,
			);
			name = swiftPro01UITests;
			productName = swiftPro01UITests;
			productReference = A5B624B91F16FA2000E7501E /* swiftPro01UITests.xctest */;
			productType = "com.apple.product-type.bundle.ui-testing";
		};
/* End PBXNativeTarget section */

/* Begin PBXProject section */
		A5B6248F1F16FA2000E7501E /* Project object */ = {
			isa = PBXProject;
			attributes = {
				LastSwiftUpdateCheck = 0830;
				LastUpgradeCheck = 0830;
				ORGANIZATIONNAME = ccs;
				TargetAttributes = {
					A5B624961F16FA2000E7501E = {
						CreatedOnToolsVersion = 8.3.3;
						DevelopmentTeam = 8D36WP6M3N;
						ProvisioningStyle = Automatic;
					};
					A5B624AD1F16FA2000E7501E = {
						CreatedOnToolsVersion = 8.3.3;
						ProvisioningStyle = Automatic;
						TestTargetID = A5B624961F16FA2000E7501E;
					};
					A5B624B81F16FA2000E7501E = {
						CreatedOnToolsVersion = 8.3.3;
						ProvisioningStyle = Automatic;
						TestTargetID = A5B624961F16FA2000E7501E;
					};
				};
			};
			buildConfigurationList = A5B624921F16FA2000E7501E /* Build configuration list for PBXProject "swiftPro01" */;
			compatibilityVersion = "Xcode 3.2";
			developmentRegion = English;
			hasScannedForEncodings = 0;
			knownRegions = (
				en,
				Base,
			);
			mainGroup = A5B6248E1F16FA2000E7501E;
			productRefGroup = A5B624981F16FA2000E7501E /* Products */;
			projectDirPath = "";
			projectRoot = "";
			targets = (
				A5B624961F16FA2000E7501E /* swiftPro01 */,
				A5B624AD1F16FA2000E7501E /* swiftPro01Tests */,
				A5B624B81F16FA2000E7501E /* swiftPro01UITests */,
			);
		};
/* End PBXProject section */

/* Begin PBXResourcesBuildPhase section */
		A5B624951F16FA2000E7501E /* Resources */ = {
			isa = PBXResourcesBuildPhase;
			buildActionMask = 2147483647;
			files = (
				A5B624A81F16FA2000E7501E /* LaunchScreen.storyboard in Resources */,
				A5B624A51F16FA2000E7501E /* Assets.xcassets in Resources */,
				A5B624A01F16FA2000E7501E /* Main.storyboard in Resources */,
			);
			runOnlyForDeploymentPostprocessing = 0;
		};
		A5B624AC1F16FA2000E7501E /* Resources */ = {
			isa = PBXResourcesBuildPhase;
			buildActionMask = 2147483647;
			files = (
			);
			runOnlyForDeploymentPostprocessing = 0;
		};
		A5B624B71F16FA2000E7501E /* Resources */ = {
			isa = PBXResourcesBuildPhase;
			buildActionMask = 2147483647;
			files = (
			);
			runOnlyForDeploymentPostprocessing = 0;
		};
/* End PBXResourcesBuildPhase section */

/* Begin PBXSourcesBuildPhase section */
		A5B624931F16FA2000E7501E /* Sources */ = {
			isa = PBXSourcesBuildPhase;
			buildActionMask = 2147483647;
			files = (
				A5B6249D1F16FA2000E7501E /* ViewController.swift in Sources */,
				A5A7B31E1F1751970080142B /* MainVC.swift in Sources */,
				A53C6E481F17693F0052ACB8 /* LoginManager.swift in Sources */,
				A5B6249B1F16FA2000E7501E /* AppDelegate.swift in Sources */,
				A5B624A31F16FA2000E7501E /* swiftPro01.xcdatamodeld in Sources */,
				A53C6E461F17573E0052ACB8 /* PPViewController.swift in Sources */,
				A5A7B31C1F17518A0080142B /* LoginVC.swift in Sources */,
			);
			runOnlyForDeploymentPostprocessing = 0;
		};
		A5B624AA1F16FA2000E7501E /* Sources */ = {
			isa = PBXSourcesBuildPhase;
			buildActionMask = 2147483647;
			files = (
				A5B624B31F16FA2000E7501E /* swiftPro01Tests.swift in Sources */,
			);
			runOnlyForDeploymentPostprocessing = 0;
		};
		A5B624B51F16FA2000E7501E /* Sources */ = {
			isa = PBXSourcesBuildPhase;
			buildActionMask = 2147483647;
			files = (
				A5B624BE1F16FA2000E7501E /* swiftPro01UITests.swift in Sources */,
			);
			runOnlyForDeploymentPostprocessing = 0;
		};
/* End PBXSourcesBuildPhase section */

/* Begin PBXTargetDependency section */
		A5B624B01F16FA2000E7501E /* PBXTargetDependency */ = {
			isa = PBXTargetDependency;
			target = A5B624961F16FA2000E7501E /* swiftPro01 */;
			targetProxy = A5B624AF1F16FA2000E7501E /* PBXContainerItemProxy */;
		};
		A5B624BB1F16FA2000E7501E /* PBXTargetDependency */ = {
			isa = PBXTargetDependency;
			target = A5B624961F16FA2000E7501E /* swiftPro01 */;
			targetProxy = A5B624BA1F16FA2000E7501E /* PBXContainerItemProxy */;
		};
/* End PBXTargetDependency section */

/* Begin PBXVariantGroup section */
		A5B6249E1F16FA2000E7501E /* Main.storyboard */ = {
			isa = PBXVariantGroup;
			children = (
				A5B6249F1F16FA2000E7501E /* Base */,
			);
			name = Main.storyboard;
			sourceTree = "<group>";
		};
		A5B624A61F16FA2000E7501E /* LaunchScreen.storyboard */ = {
			isa = PBXVariantGroup;
			children = (
				A5B624A71F16FA2000E7501E /* Base */,
			);
			name = LaunchScreen.storyboard;
			sourceTree = "<group>";
		};
/* End PBXVariantGroup section */

/* Begin XCBuildConfiguration section */
		A5B624C01F16FA2000E7501E /* Debug */ = {
			isa = XCBuildConfiguration;
			buildSettings = {
				ALWAYS_SEARCH_USER_PATHS = NO;
				CLANG_ANALYZER_NONNULL = YES;
				CLANG_ANALYZER_NUMBER_OBJECT_CONVERSION = YES_AGGRESSIVE;
				CLANG_CXX_LANGUAGE_STANDARD = "gnu++0x";
				CLANG_CXX_LIBRARY = "libc++";
				CLANG_ENABLE_MODULES = YES;
				CLANG_ENABLE_OBJC_ARC = YES;
				CLANG_WARN_BOOL_CONVERSION = YES;
				CLANG_WARN_CONSTANT_CONVERSION = YES;
				CLANG_WARN_DIRECT_OBJC_ISA_USAGE = YES_ERROR;
				CLANG_WARN_DOCUMENTATION_COMMENTS = YES;
				CLANG_WARN_EMPTY_BODY = YES;
				CLANG_WARN_ENUM_CONVERSION = YES;
				CLANG_WARN_INFINITE_RECURSION = YES;
				CLANG_WARN_INT_CONVERSION = YES;
				CLANG_WARN_OBJC_ROOT_CLASS = YES_ERROR;
				CLANG_WARN_SUSPICIOUS_MOVE = YES;
				CLANG_WARN_UNREACHABLE_CODE = YES;
				CLANG_WARN__DUPLICATE_METHOD_MATCH = YES;
				"CODE_SIGN_IDENTITY[sdk=iphoneos*]" = "iPhone Developer";
				COPY_PHASE_STRIP = NO;
				DEBUG_INFORMATION_FORMAT = dwarf;
				ENABLE_STRICT_OBJC_MSGSEND = YES;
				ENABLE_TESTABILITY = YES;
				GCC_C_LANGUAGE_STANDARD = gnu99;
				GCC_DYNAMIC_NO_PIC = NO;
				GCC_NO_COMMON_BLOCKS = YES;
				GCC_OPTIMIZATION_LEVEL = 0;
				GCC_PREPROCESSOR_DEFINITIONS = (
					"DEBUG=1",
					"$(inherited)",
				);
				GCC_WARN_64_TO_32_BIT_CONVERSION = YES;
				GCC_WARN_ABOUT_RETURN_TYPE = YES_ERROR;
				GCC_WARN_UNDECLARED_SELECTOR = YES;
				GCC_WARN_UNINITIALIZED_AUTOS = YES_AGGRESSIVE;
				GCC_WARN_UNUSED_FUNCTION = YES;
				GCC_WARN_UNUSED_VARIABLE = YES;
				IPHONEOS_DEPLOYMENT_TARGET = 10.3;
				MTL_ENABLE_DEBUG_INFO = YES;
				ONLY_ACTIVE_ARCH = YES;
				SDKROOT = iphoneos;
				SWIFT_ACTIVE_COMPILATION_CONDITIONS = DEBUG;
				SWIFT_OPTIMIZATION_LEVEL = "-Onone";
			};
			name = Debug;
		};
		A5B624C11F16FA2000E7501E /* Release */ = {
			isa = XCBuildConfiguration;
			buildSettings = {
				ALWAYS_SEARCH_USER_PATHS = NO;
				CLANG_ANALYZER_NONNULL = YES;
				CLANG_ANALYZER_NUMBER_OBJECT_CONVERSION = YES_AGGRESSIVE;
				CLANG_CXX_LANGUAGE_STANDARD = "gnu++0x";
				CLANG_CXX_LIBRARY = "libc++";
				CLANG_ENABLE_MODULES = YES;
				CLANG_ENABLE_OBJC_ARC = YES;
				CLANG_WARN_BOOL_CONVERSION = YES;
				CLANG_WARN_CONSTANT_CONVERSION = YES;
				CLANG_WARN_DIRECT_OBJC_ISA_USAGE = YES_ERROR;
				CLANG_WARN_DOCUMENTATION_COMMENTS = YES;
				CLANG_WARN_EMPTY_BODY = YES;
				CLANG_WARN_ENUM_CONVERSION = YES;
				CLANG_WARN_INFINITE_RECURSION = YES;
				CLANG_WARN_INT_CONVERSION = YES;
				CLANG_WARN_OBJC_ROOT_CLASS = YES_ERROR;
				CLANG_WARN_SUSPICIOUS_MOVE = YES;
				CLANG_WARN_UNREACHABLE_CODE = YES;
				CLANG_WARN__DUPLICATE_METHOD_MATCH = YES;
				"CODE_SIGN_IDENTITY[sdk=iphoneos*]" = "iPhone Developer";
				COPY_PHASE_STRIP = NO;
				DEBUG_INFORMATION_FORMAT = "dwarf-with-dsym";
				ENABLE_NS_ASSERTIONS = NO;
				ENABLE_STRICT_OBJC_MSGSEND = YES;
				GCC_C_LANGUAGE_STANDARD = gnu99;
				GCC_NO_COMMON_BLOCKS = YES;
				GCC_WARN_64_TO_32_BIT_CONVERSION = YES;
				GCC_WARN_ABOUT_RETURN_TYPE = YES_ERROR;
				GCC_WARN_UNDECLARED_SELECTOR = YES;
				GCC_WARN_UNINITIALIZED_AUTOS = YES_AGGRESSIVE;
				GCC_WARN_UNUSED_FUNCTION = YES;
				GCC_WARN_UNUSED_VARIABLE = YES;
				IPHONEOS_DEPLOYMENT_TARGET = 10.3;
				MTL_ENABLE_DEBUG_INFO = NO;
				SDKROOT = iphoneos;
				SWIFT_OPTIMIZATION_LEVEL = "-Owholemodule";
				VALIDATE_PRODUCT = YES;
			};
			name = Release;
		};
		A5B624C31F16FA2000E7501E /* Debug */ = {
			isa = XCBuildConfiguration;
			buildSettings = {
				ASSETCATALOG_COMPILER_APPICON_NAME = AppIcon;
				DEVELOPMENT_TEAM = 8D36WP6M3N;
				INFOPLIST_FILE = swiftPro01/Info.plist;
				IPHONEOS_DEPLOYMENT_TARGET = 8.0;
				LD_RUNPATH_SEARCH_PATHS = "$(inherited) @executable_path/Frameworks";
				PRODUCT_BUNDLE_IDENTIFIER = ssj.swiftPro01;
				PRODUCT_NAME = "$(TARGET_NAME)";
				SWIFT_VERSION = 3.0;
			};
			name = Debug;
		};
		A5B624C41F16FA2000E7501E /* Release */ = {
			isa = XCBuildConfiguration;
			buildSettings = {
				ASSETCATALOG_COMPILER_APPICON_NAME = AppIcon;
				DEVELOPMENT_TEAM = 8D36WP6M3N;
				INFOPLIST_FILE = swiftPro01/Info.plist;
				IPHONEOS_DEPLOYMENT_TARGET = 8.0;
				LD_RUNPATH_SEARCH_PATHS = "$(inherited) @executable_path/Frameworks";
				PRODUCT_BUNDLE_IDENTIFIER = ssj.swiftPro01;
				PRODUCT_NAME = "$(TARGET_NAME)";
				SWIFT_VERSION = 3.0;
			};
			name = Release;
		};
		A5B624C61F16FA2000E7501E /* Debug */ = {
			isa = XCBuildConfiguration;
			buildSettings = {
				ALWAYS_EMBED_SWIFT_STANDARD_LIBRARIES = YES;
				BUNDLE_LOADER = "$(TEST_HOST)";
				INFOPLIST_FILE = swiftPro01Tests/Info.plist;
				LD_RUNPATH_SEARCH_PATHS = "$(inherited) @executable_path/Frameworks @loader_path/Frameworks";
				PRODUCT_BUNDLE_IDENTIFIER = ssj.swiftPro01Tests;
				PRODUCT_NAME = "$(TARGET_NAME)";
				SWIFT_VERSION = 3.0;
				TEST_HOST = "$(BUILT_PRODUCTS_DIR)/swiftPro01.app/swiftPro01";
			};
			name = Debug;
		};
		A5B624C71F16FA2000E7501E /* Release */ = {
			isa = XCBuildConfiguration;
			buildSettings = {
				ALWAYS_EMBED_SWIFT_STANDARD_LIBRARIES = YES;
				BUNDLE_LOADER = "$(TEST_HOST)";
				INFOPLIST_FILE = swiftPro01Tests/Info.plist;
				LD_RUNPATH_SEARCH_PATHS = "$(inherited) @executable_path/Frameworks @loader_path/Frameworks";
				PRODUCT_BUNDLE_IDENTIFIER = ssj.swiftPro01Tests;
				PRODUCT_NAME = "$(TARGET_NAME)";
				SWIFT_VERSION = 3.0;
				TEST_HOST = "$(BUILT_PRODUCTS_DIR)/swiftPro01.app/swiftPro01";
			};
			name = Release;
		};
		A5B624C91F16FA2000E7501E /* Debug */ = {
			isa = XCBuildConfiguration;
			buildSettings = {
				ALWAYS_EMBED_SWIFT_STANDARD_LIBRARIES = YES;
				INFOPLIST_FILE = swiftPro01UITests/Info.plist;
				LD_RUNPATH_SEARCH_PATHS = "$(inherited) @executable_path/Frameworks @loader_path/Frameworks";
				PRODUCT_BUNDLE_IDENTIFIER = ssj.swiftPro01UITests;
				PRODUCT_NAME = "$(TARGET_NAME)";
				SWIFT_VERSION = 3.0;
				TEST_TARGET_NAME = swiftPro01;
			};
			name = Debug;
		};
		A5B624CA1F16FA2000E7501E /* Release */ = {
			isa = XCBuildConfiguration;
			buildSettings = {
				ALWAYS_EMBED_SWIFT_STANDARD_LIBRARIES = YES;
				INFOPLIST_FILE = swiftPro01UITests/Info.plist;
				LD_RUNPATH_SEARCH_PATHS = "$(inherited) @executable_path/Frameworks @loader_path/Frameworks";
				PRODUCT_BUNDLE_IDENTIFIER = ssj.swiftPro01UITests;
				PRODUCT_NAME = "$(TARGET_NAME)";
				SWIFT_VERSION = 3.0;
				TEST_TARGET_NAME = swiftPro01;
			};
			name = Release;
		};
/* End XCBuildConfiguration section */

/* Begin XCConfigurationList section */
		A5B624921F16FA2000E7501E /* Build configuration list for PBXProject "swiftPro01" */ = {
			isa = XCConfigurationList;
			buildConfigurations = (
				A5B624C01F16FA2000E7501E /* Debug */,
				A5B624C11F16FA2000E7501E /* Release */,
			);
			defaultConfigurationIsVisible = 0;
			defaultConfigurationName = Release;
		};
		A5B624C21F16FA2000E7501E /* Build configuration list for PBXNativeTarget "swiftPro01" */ = {
			isa = XCConfigurationList;
			buildConfigurations = (
				A5B624C31F16FA2000E7501E /* Debug */,
				A5B624C41F16FA2000E7501E /* Release */,
			);
			defaultConfigurationIsVisible = 0;
			defaultConfigurationName = Release;
		};
		A5B624C51F16FA2000E7501E /* Build configuration list for PBXNativeTarget "swiftPro01Tests" */ = {
			isa = XCConfigurationList;
			buildConfigurations = (
				A5B624C61F16FA2000E7501E /* Debug */,
				A5B624C71F16FA2000E7501E /* Release */,
			);
			defaultConfigurationIsVisible = 0;
			defaultConfigurationName = Release;
		};
		A5B624C81F16FA2000E7501E /* Build configuration list for PBXNativeTarget "swiftPro01UITests" */ = {
			isa = XCConfigurationList;
			buildConfigurations = (
				A5B624C91F16FA2000E7501E /* Debug */,
				A5B624CA1F16FA2000E7501E /* Release */,
			);
			defaultConfigurationIsVisible = 0;
			defaultConfigurationName = Release;
		};
/* End XCConfigurationList section */

/* Begin XCVersionGroup section */
		A5B624A11F16FA2000E7501E /* swiftPro01.xcdatamodeld */ = {
			isa = XCVersionGroup;
			children = (
				A5B624A21F16FA2000E7501E /* swiftPro01.xcdatamodel */,
			);
			currentVersion = A5B624A21F16FA2000E7501E /* swiftPro01.xcdatamodel */;
			path = swiftPro01.xcdatamodeld;
			sourceTree = "<group>";
			versionGroupType = wrapper.xcdatamodel;
		};
/* End XCVersionGroup section */
	};
	rootObject = A5B6248F1F16FA2000E7501E /* Project object */;
}
